
Microsoft Visual Studio Solution File, Format Version 12.00
# Visual Studio Version 16
VisualStudioVersion = 16.0.31306.274
MinimumVisualStudioVersion = 10.0.40219.1
Project("{FAE04EC0-301F-11D3-BF4B-00C04F79EFBC}") = "Gra w literki", "Gra w literki\Gra w literki.csproj", "{2D7B50A5-C61A-4509-96E4-5FF2374072AB}"
EndProject
Global
	GlobalSection(SolutionConfigurationPlatforms) = preSolution
		Debug|Any CPU = Debug|Any CPU
		Release|Any CPU = Release|Any CPU
	EndGlobalSection
	GlobalSection(ProjectConfigurationPlatforms) = postSolution
		{2D7B50A5-C61A-4509-96E4-5FF2374072AB}.Debug|Any CPU.ActiveCfg = Debug|Any CPU
		{2D7B50A5-C61A-4509-96E4-5FF2374072AB}.Debug|Any CPU.Build.0 = Debug|Any CPU
		{2D7B50A5-C61A-4509-96E4-5FF2374072AB}.Release|Any CPU.ActiveCfg = Release|Any CPU
		{2D7B50A5-C61A-4509-96E4-5FF2374072AB}.Release|Any CPU.Build.0 = Release|Any CPU
	EndGlobalSection
	GlobalSection(SolutionProperties) = preSolution
		HideSolutionNode = FALSE
	EndGlobalSection
	GlobalSection(ExtensibilityGlobals) = postSolution
		SolutionGuid = {8A038D31-EB19-4C26-BCF3-0255BCA99DC3}
	EndGlobalSection
EndGlobal
